// !$*UTF8*$!
{
	archiveVersion = 1;
	classes = {
	};
	objectVersion = 46;
	objects = {

/* Begin PBXBuildFile section */
		32565A361DB0D47E0063B6FD /* main.m in Sources */ = {isa = PBXBuildFile; fileRef = 32565A351DB0D47E0063B6FD /* main.m */; };
		32565A391DB0D47E0063B6FD /* AppDelegate.m in Sources */ = {isa = PBXBuildFile; fileRef = 32565A381DB0D47E0063B6FD /* AppDelegate.m */; };
		32565A3B1DB0D47E0063B6FD /* GameScene.sks in Resources */ = {isa = PBXBuildFile; fileRef = 32565A3A1DB0D47E0063B6FD /* GameScene.sks */; };
		32565A401DB0D47E0063B6FD /* GameScene.m in Sources */ = {isa = PBXBuildFile; fileRef = 32565A3F1DB0D47E0063B6FD /* GameScene.m */; };
		32565A431DB0D47E0063B6FD /* GameViewController.m in Sources */ = {isa = PBXBuildFile; fileRef = 32565A421DB0D47E0063B6FD /* GameViewController.m */; };
		32565A461DB0D47E0063B6FD /* Main.storyboard in Resources */ = {isa = PBXBuildFile; fileRef = 32565A441DB0D47E0063B6FD /* Main.storyboard */; };
		32565A481DB0D47E0063B6FD /* Assets.xcassets in Resources */ = {isa = PBXBuildFile; fileRef = 32565A471DB0D47E0063B6FD /* Assets.xcassets */; };
		32565A4B1DB0D47E0063B6FD /* LaunchScreen.storyboard in Resources */ = {isa = PBXBuildFile; fileRef = 32565A491DB0D47E0063B6FD /* LaunchScreen.storyboard */; };
		32565A551DB11B160063B6FD /* GameOverScene.sks in Resources */ = {isa = PBXBuildFile; fileRef = 32565A541DB11B160063B6FD /* GameOverScene.sks */; };
		32565A591DB11BA60063B6FD /* GameOverScene.m in Sources */ = {isa = PBXBuildFile; fileRef = 32565A581DB11BA60063B6FD /* GameOverScene.m */; };
		32565A5D1DB11D060063B6FD /* GameManager.m in Sources */ = {isa = PBXBuildFile; fileRef = 32565A5C1DB11D060063B6FD /* GameManager.m */; };
		32565A621DB1219E0063B6FD /* MainMenu.sks in Resources */ = {isa = PBXBuildFile; fileRef = 32565A611DB1219E0063B6FD /* MainMenu.sks */; };
		32565A651DB122EC0063B6FD /* MainMenu.m in Sources */ = {isa = PBXBuildFile; fileRef = 32565A641DB122EC0063B6FD /* MainMenu.m */; };
/* End PBXBuildFile section */

/* Begin PBXFileReference section */
		32565A311DB0D47E0063B6FD /* SpriteKitDemo.app */ = {isa = PBXFileReference; explicitFileType = wrapper.application; includeInIndex = 0; path = SpriteKitDemo.app; sourceTree = BUILT_PRODUCTS_DIR; };
		32565A351DB0D47E0063B6FD /* main.m */ = {isa = PBXFileReference; lastKnownFileType = sourcecode.c.objc; path = main.m; sourceTree = "<group>"; };
		32565A371DB0D47E0063B6FD /* AppDelegate.h */ = {isa = PBXFileReference; lastKnownFileType = sourcecode.c.h; path = AppDelegate.h; sourceTree = "<group>"; };
		32565A381DB0D47E0063B6FD /* AppDelegate.m */ = {isa = PBXFileReference; lastKnownFileType = sourcecode.c.objc; path = AppDelegate.m; sourceTree = "<group>"; };
		32565A3A1DB0D47E0063B6FD /* GameScene.sks */ = {isa = PBXFileReference; lastKnownFileType = file.sks; path = GameScene.sks; sourceTree = "<group>"; };
		32565A3E1DB0D47E0063B6FD /* GameScene.h */ = {isa = PBXFileReference; lastKnownFileType = sourcecode.c.h; path = GameScene.h; sourceTree = "<group>"; };
		32565A3F1DB0D47E0063B6FD /* GameScene.m */ = {isa = PBXFileReference; lastKnownFileType = sourcecode.c.objc; path = GameScene.m; sourceTree = "<group>"; };
		32565A411DB0D47E0063B6FD /* GameViewController.h */ = {isa = PBXFileReference; lastKnownFileType = sourcecode.c.h; path = GameViewController.h; sourceTree = "<group>"; };
		32565A421DB0D47E0063B6FD /* GameViewController.m */ = {isa = PBXFileReference; lastKnownFileType = sourcecode.c.objc; path = GameViewController.m; sourceTree = "<group>"; };
		32565A451DB0D47E0063B6FD /* Base */ = {isa = PBXFileReference; lastKnownFileType = file.storyboard; name = Base; path = Base.lproj/Main.storyboard; sourceTree = "<group>"; };
		32565A471DB0D47E0063B6FD /* Assets.xcassets */ = {isa = PBXFileReference; lastKnownFileType = folder.assetcatalog; path = Assets.xcassets; sourceTree = "<group>"; };
		32565A4A1DB0D47E0063B6FD /* Base */ = {isa = PBXFileReference; lastKnownFileType = file.storyboard; name = Base; path = Base.lproj/LaunchScreen.storyboard; sourceTree = "<group>"; };
		32565A4C1DB0D47E0063B6FD /* Info.plist */ = {isa = PBXFileReference; lastKnownFileType = text.plist.xml; path = Info.plist; sourceTree = "<group>"; };
		32565A541DB11B160063B6FD /* GameOverScene.sks */ = {isa = PBXFileReference; lastKnownFileType = file.sks; path = GameOverScene.sks; sourceTree = "<group>"; };
		32565A571DB11BA60063B6FD /* GameOverScene.h */ = {isa = PBXFileReference; fileEncoding = 4; lastKnownFileType = sourcecode.c.h; path = GameOverScene.h; sourceTree = "<group>"; };
		32565A581DB11BA60063B6FD /* GameOverScene.m */ = {isa = PBXFileReference; fileEncoding = 4; lastKnownFileType = sourcecode.c.objc; path = GameOverScene.m; sourceTree = "<group>"; };
		32565A5B1DB11D060063B6FD /* GameManager.h */ = {isa = PBXFileReference; fileEncoding = 4; lastKnownFileType = sourcecode.c.h; path = GameManager.h; sourceTree = "<group>"; };
		32565A5C1DB11D060063B6FD /* GameManager.m */ = {isa = PBXFileReference; fileEncoding = 4; lastKnownFileType = sourcecode.c.objc; path = GameManager.m; sourceTree = "<group>"; };
		32565A611DB1219E0063B6FD /* MainMenu.sks */ = {isa = PBXFileReference; lastKnownFileType = file.sks; path = MainMenu.sks; sourceTree = "<group>"; };
		32565A631DB122EC0063B6FD /* MainMenu.h */ = {isa = PBXFileReference; fileEncoding = 4; lastKnownFileType = sourcecode.c.h; path = MainMenu.h; sourceTree = "<group>"; };
		32565A641DB122EC0063B6FD /* MainMenu.m */ = {isa = PBXFileReference; fileEncoding = 4; lastKnownFileType = sourcecode.c.objc; path = MainMenu.m; sourceTree = "<group>"; };
/* End PBXFileReference section */

/* Begin PBXFrameworksBuildPhase section */
		32565A2E1DB0D47E0063B6FD /* Frameworks */ = {
			isa = PBXFrameworksBuildPhase;
			buildActionMask = 2147483647;
			files = (
			);
			runOnlyForDeploymentPostprocessing = 0;
		};
/* End PBXFrameworksBuildPhase section */

/* Begin PBXGroup section */
		32565A281DB0D47E0063B6FD = {
			isa = PBXGroup;
			children = (
				32565A331DB0D47E0063B6FD /* SpriteKitDemo */,
				32565A321DB0D47E0063B6FD /* Products */,
			);
			sourceTree = "<group>";
		};
		32565A321DB0D47E0063B6FD /* Products */ = {
			isa = PBXGroup;
			children = (
				32565A311DB0D47E0063B6FD /* SpriteKitDemo.app */,
			);
			name = Products;
			sourceTree = "<group>";
		};
		32565A331DB0D47E0063B6FD /* SpriteKitDemo */ = {
			isa = PBXGroup;
			children = (
				32565A371DB0D47E0063B6FD /* AppDelegate.h */,
				32565A381DB0D47E0063B6FD /* AppDelegate.m */,
				32565A5B1DB11D060063B6FD /* GameManager.h */,
				32565A5C1DB11D060063B6FD /* GameManager.m */,
				32565A5E1DB121550063B6FD /* Main Menu */,
				32565A5A1DB11BAF0063B6FD /* Game Over */,
				32565A561DB11B230063B6FD /* Game Level */,
				32565A411DB0D47E0063B6FD /* GameViewController.h */,
				32565A421DB0D47E0063B6FD /* GameViewController.m */,
				32565A441DB0D47E0063B6FD /* Main.storyboard */,
				32565A471DB0D47E0063B6FD /* Assets.xcassets */,
				32565A491DB0D47E0063B6FD /* LaunchScreen.storyboard */,
				32565A4C1DB0D47E0063B6FD /* Info.plist */,
				32565A341DB0D47E0063B6FD /* Supporting Files */,
			);
			path = SpriteKitDemo;
			sourceTree = "<group>";
		};
		32565A341DB0D47E0063B6FD /* Supporting Files */ = {
			isa = PBXGroup;
			children = (
				32565A351DB0D47E0063B6FD /* main.m */,
			);
			name = "Supporting Files";
			sourceTree = "<group>";
		};
		32565A561DB11B230063B6FD /* Game Level */ = {
			isa = PBXGroup;
			children = (
				32565A3A1DB0D47E0063B6FD /* GameScene.sks */,
				32565A3E1DB0D47E0063B6FD /* GameScene.h */,
				32565A3F1DB0D47E0063B6FD /* GameScene.m */,
			);
			name = "Game Level";
			sourceTree = "<group>";
		};
		32565A5A1DB11BAF0063B6FD /* Game Over */ = {
			isa = PBXGroup;
			children = (
				32565A541DB11B160063B6FD /* GameOverScene.sks */,
				32565A571DB11BA60063B6FD /* GameOverScene.h */,
				32565A581DB11BA60063B6FD /* GameOverScene.m */,
			);
			name = "Game Over";
			sourceTree = "<group>";
		};
		32565A5E1DB121550063B6FD /* Main Menu */ = {
			isa = PBXGroup;
			children = (
				32565A611DB1219E0063B6FD /* MainMenu.sks */,
				32565A631DB122EC0063B6FD /* MainMenu.h */,
				32565A641DB122EC0063B6FD /* MainMenu.m */,
			);
			name = "Main Menu";
			sourceTree = "<group>";
		};
/* End PBXGroup section */

/* Begin PBXNativeTarget section */
		32565A301DB0D47E0063B6FD /* SpriteKitDemo */ = {
			isa = PBXNativeTarget;
			buildConfigurationList = 32565A4F1DB0D47E0063B6FD /* Build configuration list for PBXNativeTarget "SpriteKitDemo" */;
			buildPhases = (
				32565A2D1DB0D47E0063B6FD /* Sources */,
				32565A2E1DB0D47E0063B6FD /* Frameworks */,
				32565A2F1DB0D47E0063B6FD /* Resources */,
			);
			buildRules = (
			);
			dependencies = (
			);
			name = SpriteKitDemo;
			productName = SpriteKitDemo;
			productReference = 32565A311DB0D47E0063B6FD /* SpriteKitDemo.app */;
			productType = "com.apple.product-type.application";
		};
/* End PBXNativeTarget section */

/* Begin PBXProject section */
		32565A291DB0D47E0063B6FD /* Project object */ = {
			isa = PBXProject;
			attributes = {
				LastUpgradeCheck = 0800;
				ORGANIZATIONNAME = "Stoyan Stoyanov";
				TargetAttributes = {
					32565A301DB0D47E0063B6FD = {
						CreatedOnToolsVersion = 8.0;
						ProvisioningStyle = Automatic;
					};
				};
			};
			buildConfigurationList = 32565A2C1DB0D47E0063B6FD /* Build configuration list for PBXProject "SpriteKitDemo" */;
			compatibilityVersion = "Xcode 3.2";
			developmentRegion = English;
			hasScannedForEncodings = 0;
			knownRegions = (
				en,
				Base,
			);
			mainGroup = 32565A281DB0D47E0063B6FD;
			productRefGroup = 32565A321DB0D47E0063B6FD /* Products */;
			projectDirPath = "";
			projectRoot = "";
			targets = (
				32565A301DB0D47E0063B6FD /* SpriteKitDemo */,
			);
		};
/* End PBXProject section */

/* Begin PBXResourcesBuildPhase section */
		32565A2F1DB0D47E0063B6FD /* Resources */ = {
			isa = PBXResourcesBuildPhase;
			buildActionMask = 2147483647;
			files = (
				32565A461DB0D47E0063B6FD /* Main.storyboard in Resources */,
				32565A621DB1219E0063B6FD /* MainMenu.sks in Resources */,
				32565A3B1DB0D47E0063B6FD /* GameScene.sks in Resources */,
				32565A481DB0D47E0063B6FD /* Assets.xcassets in Resources */,
				32565A551DB11B160063B6FD /* GameOverScene.sks in Resources */,
				32565A4B1DB0D47E0063B6FD /* LaunchScreen.storyboard in Resources */,
			);
			runOnlyForDeploymentPostprocessing = 0;
		};
/* End PBXResourcesBuildPhase section */

/* Begin PBXSourcesBuildPhase section */
		32565A2D1DB0D47E0063B6FD /* Sources */ = {
			isa = PBXSourcesBuildPhase;
			buildActionMask = 2147483647;
			files = (
				32565A651DB122EC0063B6FD /* MainMenu.m in Sources */,
				32565A591DB11BA60063B6FD /* GameOverScene.m in Sources */,
				32565A5D1DB11D060063B6FD /* GameManager.m in Sources */,
				32565A431DB0D47E0063B6FD /* GameViewController.m in Sources */,
				32565A391DB0D47E0063B6FD /* AppDelegate.m in Sources */,
				32565A401DB0D47E0063B6FD /* GameScene.m in Sources */,
				32565A361DB0D47E0063B6FD /* main.m in Sources */,
			);
			runOnlyForDeploymentPostprocessing = 0;
		};
/* End PBXSourcesBuildPhase section */

/* Begin PBXVariantGroup section */
		32565A441DB0D47E0063B6FD /* Main.storyboard */ = {
			isa = PBXVariantGroup;
			children = (
				32565A451DB0D47E0063B6FD /* Base */,
			);
			name = Main.storyboard;
			sourceTree = "<group>";
		};
		32565A491DB0D47E0063B6FD /* LaunchScreen.storyboard */ = {
			isa = PBXVariantGroup;
			children = (
				32565A4A1DB0D47E0063B6FD /* Base */,
			);
			name = LaunchScreen.storyboard;
			sourceTree = "<group>";
		};
/* End PBXVariantGroup section */

/* Begin XCBuildConfiguration section */
		32565A4D1DB0D47E0063B6FD /* Debug */ = {
			isa = XCBuildConfiguration;
			buildSettings = {
				ALWAYS_SEARCH_USER_PATHS = NO;
				CLANG_ANALYZER_NONNULL = YES;
				CLANG_CXX_LANGUAGE_STANDARD = "gnu++0x";
				CLANG_CXX_LIBRARY = "libc++";
				CLANG_ENABLE_MODULES = YES;
				CLANG_ENABLE_OBJC_ARC = YES;
				CLANG_WARN_BOOL_CONVERSION = YES;
				CLANG_WARN_CONSTANT_CONVERSION = YES;
				CLANG_WARN_DIRECT_OBJC_ISA_USAGE = YES_ERROR;
				CLANG_WARN_DOCUMENTATION_COMMENTS = YES;
				CLANG_WARN_EMPTY_BODY = YES;
				CLANG_WARN_ENUM_CONVERSION = YES;
				CLANG_WARN_INFINITE_RECURSION = YES;
				CLANG_WARN_INT_CONVERSION = YES;
				CLANG_WARN_OBJC_ROOT_CLASS = YES_ERROR;
				CLANG_WARN_SUSPICIOUS_MOVES = YES;
				CLANG_WARN_UNREACHABLE_CODE = YES;
				CLANG_WARN__DUPLICATE_METHOD_MATCH = YES;
				"CODE_SIGN_IDENTITY[sdk=iphoneos*]" = "iPhone Developer";
				COPY_PHASE_STRIP = NO;
				DEBUG_INFORMATION_FORMAT = dwarf;
				ENABLE_STRICT_OBJC_MSGSEND = YES;
				ENABLE_TESTABILITY = YES;
				GCC_C_LANGUAGE_STANDARD = gnu99;
				GCC_DYNAMIC_NO_PIC = NO;
				GCC_NO_COMMON_BLOCKS = YES;
				GCC_OPTIMIZATION_LEVEL = 0;
				GCC_PREPROCESSOR_DEFINITIONS = (
					"DEBUG=1",
					"$(inherited)",
				);
				GCC_WARN_64_TO_32_BIT_CONVERSION = YES;
				GCC_WARN_ABOUT_RETURN_TYPE = YES_ERROR;
				GCC_WARN_UNDECLARED_SELECTOR = YES;
				GCC_WARN_UNINITIALIZED_AUTOS = YES_AGGRESSIVE;
				GCC_WARN_UNUSED_FUNCTION = YES;
				GCC_WARN_UNUSED_VARIABLE = YES;
				IPHONEOS_DEPLOYMENT_TARGET = 10.0;
				MTL_ENABLE_DEBUG_INFO = YES;
				ONLY_ACTIVE_ARCH = YES;
				SDKROOT = iphoneos;
				TARGETED_DEVICE_FAMILY = "1,2";
			};
			name = Debug;
		};
		32565A4E1DB0D47E0063B6FD /* Release */ = {
			isa = XCBuildConfiguration;
			buildSettings = {
				ALWAYS_SEARCH_USER_PATHS = NO;
				CLANG_ANALYZER_NONNULL = YES;
				CLANG_CXX_LANGUAGE_STANDARD = "gnu++0x";
				CLANG_CXX_LIBRARY = "libc++";
				CLANG_ENABLE_MODULES = YES;
				CLANG_ENABLE_OBJC_ARC = YES;
				CLANG_WARN_BOOL_CONVERSION = YES;
				CLANG_WARN_CONSTANT_CONVERSION = YES;
				CLANG_WARN_DIRECT_OBJC_ISA_USAGE = YES_ERROR;
				CLANG_WARN_DOCUMENTATION_COMMENTS = YES;
				CLANG_WARN_EMPTY_BODY = YES;
				CLANG_WARN_ENUM_CONVERSION = YES;
				CLANG_WARN_INFINITE_RECURSION = YES;
				CLANG_WARN_INT_CONVERSION = YES;
				CLANG_WARN_OBJC_ROOT_CLASS = YES_ERROR;
				CLANG_WARN_SUSPICIOUS_MOVES = YES;
				CLANG_WARN_UNREACHABLE_CODE = YES;
				CLANG_WARN__DUPLICATE_METHOD_MATCH = YES;
				"CODE_SIGN_IDENTITY[sdk=iphoneos*]" = "iPhone Developer";
				COPY_PHASE_STRIP = NO;
				DEBUG_INFORMATION_FORMAT = "dwarf-with-dsym";
				ENABLE_NS_ASSERTIONS = NO;
				ENABLE_STRICT_OBJC_MSGSEND = YES;
				GCC_C_LANGUAGE_STANDARD = gnu99;
				GCC_NO_COMMON_BLOCKS = YES;
				GCC_WARN_64_TO_32_BIT_CONVERSION = YES;
				GCC_WARN_ABOUT_RETURN_TYPE = YES_ERROR;
				GCC_WARN_UNDECLARED_SELECTOR = YES;
				GCC_WARN_UNINITIALIZED_AUTOS = YES_AGGRESSIVE;
				GCC_WARN_UNUSED_FUNCTION = YES;
				GCC_WARN_UNUSED_VARIABLE = YES;
				IPHONEOS_DEPLOYMENT_TARGET = 10.0;
				MTL_ENABLE_DEBUG_INFO = NO;
				SDKROOT = iphoneos;
				TARGETED_DEVICE_FAMILY = "1,2";
				VALIDATE_PRODUCT = YES;
			};
			name = Release;
		};
		32565A501DB0D47E0063B6FD /* Debug */ = {
			isa = XCBuildConfiguration;
			buildSettings = {
				ASSETCATALOG_COMPILER_APPICON_NAME = AppIcon;
				INFOPLIST_FILE = SpriteKitDemo/Info.plist;
				LD_RUNPATH_SEARCH_PATHS = "$(inherited) @executable_path/Frameworks";
				PRODUCT_BUNDLE_IDENTIFIER = com.mentormate.SpriteKitDemo;
				PRODUCT_NAME = "$(TARGET_NAME)";
			};
			name = Debug;
		};
		32565A511DB0D47E0063B6FD /* Release */ = {
			isa = XCBuildConfiguration;
			buildSettings = {
				ASSETCATALOG_COMPILER_APPICON_NAME = AppIcon;
				INFOPLIST_FILE = SpriteKitDemo/Info.plist;
				LD_RUNPATH_SEARCH_PATHS = "$(inherited) @executable_path/Frameworks";
				PRODUCT_BUNDLE_IDENTIFIER = com.mentormate.SpriteKitDemo;
				PRODUCT_NAME = "$(TARGET_NAME)";
			};
			name = Release;
		};
/* End XCBuildConfiguration section */

/* Begin XCConfigurationList section */
		32565A2C1DB0D47E0063B6FD /* Build configuration list for PBXProject "SpriteKitDemo" */ = {
			isa = XCConfigurationList;
			buildConfigurations = (
				32565A4D1DB0D47E0063B6FD /* Debug */,
				32565A4E1DB0D47E0063B6FD /* Release */,
			);
			defaultConfigurationIsVisible = 0;
			defaultConfigurationName = Release;
		};
		32565A4F1DB0D47E0063B6FD /* Build configuration list for PBXNativeTarget "SpriteKitDemo" */ = {
			isa = XCConfigurationList;
			buildConfigurations = (
				32565A501DB0D47E0063B6FD /* Debug */,
				32565A511DB0D47E0063B6FD /* Release */,
			);
			defaultConfigurationIsVisible = 0;
		};
/* End XCConfigurationList section */
	};
	rootObject = 32565A291DB0D47E0063B6FD /* Project object */;
}
